// !$*UTF8*$!
{
	archiveVersion = 1;
	classes = {
	};
	objectVersion = 56;
	objects = {

/* Begin PBXBuildFile section */
		AA24024628FDC63B00F4DF46 /* AppDelegate.swift in Sources */ = {isa = PBXBuildFile; fileRef = AA24024528FDC63B00F4DF46 /* AppDelegate.swift */; };
		AA24024828FDC63B00F4DF46 /* SceneDelegate.swift in Sources */ = {isa = PBXBuildFile; fileRef = AA24024728FDC63B00F4DF46 /* SceneDelegate.swift */; };
		AA24024A28FDC63B00F4DF46 /* ViewController.swift in Sources */ = {isa = PBXBuildFile; fileRef = AA24024928FDC63B00F4DF46 /* ViewController.swift */; };
		AA24024D28FDC63B00F4DF46 /* Main.storyboard in Resources */ = {isa = PBXBuildFile; fileRef = AA24024B28FDC63B00F4DF46 /* Main.storyboard */; };
		AA24024F28FDC63C00F4DF46 /* Assets.xcassets in Resources */ = {isa = PBXBuildFile; fileRef = AA24024E28FDC63C00F4DF46 /* Assets.xcassets */; };
		AA24025228FDC63C00F4DF46 /* LaunchScreen.storyboard in Resources */ = {isa = PBXBuildFile; fileRef = AA24025028FDC63C00F4DF46 /* LaunchScreen.storyboard */; };
		AA24025D28FDC63D00F4DF46 /* MUSIC_APPTests.swift in Sources */ = {isa = PBXBuildFile; fileRef = AA24025C28FDC63D00F4DF46 /* MUSIC_APPTests.swift */; };
		AA24026728FDC63D00F4DF46 /* MUSIC_APPUITests.swift in Sources */ = {isa = PBXBuildFile; fileRef = AA24026628FDC63D00F4DF46 /* MUSIC_APPUITests.swift */; };
		AA24026928FDC63D00F4DF46 /* MUSIC_APPUITestsLaunchTests.swift in Sources */ = {isa = PBXBuildFile; fileRef = AA24026828FDC63D00F4DF46 /* MUSIC_APPUITestsLaunchTests.swift */; };
/* End PBXBuildFile section */

/* Begin PBXContainerItemProxy section */
		AA24025928FDC63D00F4DF46 /* PBXContainerItemProxy */ = {
			isa = PBXContainerItemProxy;
			containerPortal = AA24023A28FDC63B00F4DF46 /* Project object */;
			proxyType = 1;
			remoteGlobalIDString = AA24024128FDC63B00F4DF46;
			remoteInfo = "MUSIC APP";
		};
		AA24026328FDC63D00F4DF46 /* PBXContainerItemProxy */ = {
			isa = PBXContainerItemProxy;
			containerPortal = AA24023A28FDC63B00F4DF46 /* Project object */;
			proxyType = 1;
			remoteGlobalIDString = AA24024128FDC63B00F4DF46;
			remoteInfo = "MUSIC APP";
		};
/* End PBXContainerItemProxy section */

/* Begin PBXFileReference section */
		AA24024228FDC63B00F4DF46 /* MUSIC APP.app */ = {isa = PBXFileReference; explicitFileType = wrapper.application; includeInIndex = 0; path = "MUSIC APP.app"; sourceTree = BUILT_PRODUCTS_DIR; };
		AA24024528FDC63B00F4DF46 /* AppDelegate.swift */ = {isa = PBXFileReference; lastKnownFileType = sourcecode.swift; path = AppDelegate.swift; sourceTree = "<group>"; };
		AA24024728FDC63B00F4DF46 /* SceneDelegate.swift */ = {isa = PBXFileReference; lastKnownFileType = sourcecode.swift; path = SceneDelegate.swift; sourceTree = "<group>"; };
		AA24024928FDC63B00F4DF46 /* ViewController.swift */ = {isa = PBXFileReference; lastKnownFileType = sourcecode.swift; path = ViewController.swift; sourceTree = "<group>"; };
		AA24024C28FDC63B00F4DF46 /* Base */ = {isa = PBXFileReference; lastKnownFileType = file.storyboard; name = Base; path = Base.lproj/Main.storyboard; sourceTree = "<group>"; };
		AA24024E28FDC63C00F4DF46 /* Assets.xcassets */ = {isa = PBXFileReference; lastKnownFileType = folder.assetcatalog; path = Assets.xcassets; sourceTree = "<group>"; };
		AA24025128FDC63C00F4DF46 /* Base */ = {isa = PBXFileReference; lastKnownFileType = file.storyboard; name = Base; path = Base.lproj/LaunchScreen.storyboard; sourceTree = "<group>"; };
		AA24025328FDC63C00F4DF46 /* Info.plist */ = {isa = PBXFileReference; lastKnownFileType = text.plist.xml; path = Info.plist; sourceTree = "<group>"; };
		AA24025828FDC63D00F4DF46 /* MUSIC APPTests.xctest */ = {isa = PBXFileReference; explicitFileType = wrapper.cfbundle; includeInIndex = 0; path = "MUSIC APPTests.xctest"; sourceTree = BUILT_PRODUCTS_DIR; };
		AA24025C28FDC63D00F4DF46 /* MUSIC_APPTests.swift */ = {isa = PBXFileReference; lastKnownFileType = sourcecode.swift; path = MUSIC_APPTests.swift; sourceTree = "<group>"; };
		AA24026228FDC63D00F4DF46 /* MUSIC APPUITests.xctest */ = {isa = PBXFileReference; explicitFileType = wrapper.cfbundle; includeInIndex = 0; path = "MUSIC APPUITests.xctest"; sourceTree = BUILT_PRODUCTS_DIR; };
		AA24026628FDC63D00F4DF46 /* MUSIC_APPUITests.swift */ = {isa = PBXFileReference; lastKnownFileType = sourcecode.swift; path = MUSIC_APPUITests.swift; sourceTree = "<group>"; };
		AA24026828FDC63D00F4DF46 /* MUSIC_APPUITestsLaunchTests.swift */ = {isa = PBXFileReference; lastKnownFileType = sourcecode.swift; path = MUSIC_APPUITestsLaunchTests.swift; sourceTree = "<group>"; };
/* End PBXFileReference section */

/* Begin PBXFrameworksBuildPhase section */
		AA24023F28FDC63B00F4DF46 /* Frameworks */ = {
			isa = PBXFrameworksBuildPhase;
			buildActionMask = 2147483647;
			files = (
			);
			runOnlyForDeploymentPostprocessing = 0;
		};
		AA24025528FDC63D00F4DF46 /* Frameworks */ = {
			isa = PBXFrameworksBuildPhase;
			buildActionMask = 2147483647;
			files = (
			);
			runOnlyForDeploymentPostprocessing = 0;
		};
		AA24025F28FDC63D00F4DF46 /* Frameworks */ = {
			isa = PBXFrameworksBuildPhase;
			buildActionMask = 2147483647;
			files = (
			);
			runOnlyForDeploymentPostprocessing = 0;
		};
/* End PBXFrameworksBuildPhase section */

/* Begin PBXGroup section */
		AA24023928FDC63B00F4DF46 = {
			isa = PBXGroup;
			children = (
				AA24024428FDC63B00F4DF46 /* MUSIC APP */,
				AA24025B28FDC63D00F4DF46 /* MUSIC APPTests */,
				AA24026528FDC63D00F4DF46 /* MUSIC APPUITests */,
				AA24024328FDC63B00F4DF46 /* Products */,
			);
			sourceTree = "<group>";
		};
		AA24024328FDC63B00F4DF46 /* Products */ = {
			isa = PBXGroup;
			children = (
				AA24024228FDC63B00F4DF46 /* MUSIC APP.app */,
				AA24025828FDC63D00F4DF46 /* MUSIC APPTests.xctest */,
				AA24026228FDC63D00F4DF46 /* MUSIC APPUITests.xctest */,
			);
			name = Products;
			sourceTree = "<group>";
		};
		AA24024428FDC63B00F4DF46 /* MUSIC APP */ = {
			isa = PBXGroup;
			children = (
				AA24024528FDC63B00F4DF46 /* AppDelegate.swift */,
				AA24024728FDC63B00F4DF46 /* SceneDelegate.swift */,
				AA24024928FDC63B00F4DF46 /* ViewController.swift */,
				AA24024B28FDC63B00F4DF46 /* Main.storyboard */,
				AA24024E28FDC63C00F4DF46 /* Assets.xcassets */,
				AA24025028FDC63C00F4DF46 /* LaunchScreen.storyboard */,
				AA24025328FDC63C00F4DF46 /* Info.plist */,
			);
			path = "MUSIC APP";
			sourceTree = "<group>";
		};
		AA24025B28FDC63D00F4DF46 /* MUSIC APPTests */ = {
			isa = PBXGroup;
			children = (
				AA24025C28FDC63D00F4DF46 /* MUSIC_APPTests.swift */,
			);
			path = "MUSIC APPTests";
			sourceTree = "<group>";
		};
		AA24026528FDC63D00F4DF46 /* MUSIC APPUITests */ = {
			isa = PBXGroup;
			children = (
				AA24026628FDC63D00F4DF46 /* MUSIC_APPUITests.swift */,
				AA24026828FDC63D00F4DF46 /* MUSIC_APPUITestsLaunchTests.swift */,
			);
			path = "MUSIC APPUITests";
			sourceTree = "<group>";
		};
/* End PBXGroup section */

/* Begin PBXNativeTarget section */
		AA24024128FDC63B00F4DF46 /* MUSIC APP */ = {
			isa = PBXNativeTarget;
			buildConfigurationList = AA24026C28FDC63D00F4DF46 /* Build configuration list for PBXNativeTarget "MUSIC APP" */;
			buildPhases = (
				AA24023E28FDC63B00F4DF46 /* Sources */,
				AA24023F28FDC63B00F4DF46 /* Frameworks */,
				AA24024028FDC63B00F4DF46 /* Resources */,
			);
			buildRules = (
			);
			dependencies = (
			);
			name = "MUSIC APP";
			productName = "MUSIC APP";
			productReference = AA24024228FDC63B00F4DF46 /* MUSIC APP.app */;
			productType = "com.apple.product-type.application";
		};
		AA24025728FDC63D00F4DF46 /* MUSIC APPTests */ = {
			isa = PBXNativeTarget;
			buildConfigurationList = AA24026F28FDC63D00F4DF46 /* Build configuration list for PBXNativeTarget "MUSIC APPTests" */;
			buildPhases = (
				AA24025428FDC63D00F4DF46 /* Sources */,
				AA24025528FDC63D00F4DF46 /* Frameworks */,
				AA24025628FDC63D00F4DF46 /* Resources */,
			);
			buildRules = (
			);
			dependencies = (
				AA24025A28FDC63D00F4DF46 /* PBXTargetDependency */,
			);
			name = "MUSIC APPTests";
			productName = "MUSIC APPTests";
			productReference = AA24025828FDC63D00F4DF46 /* MUSIC APPTests.xctest */;
			productType = "com.apple.product-type.bundle.unit-test";
		};
		AA24026128FDC63D00F4DF46 /* MUSIC APPUITests */ = {
			isa = PBXNativeTarget;
			buildConfigurationList = AA24027228FDC63D00F4DF46 /* Build configuration list for PBXNativeTarget "MUSIC APPUITests" */;
			buildPhases = (
				AA24025E28FDC63D00F4DF46 /* Sources */,
				AA24025F28FDC63D00F4DF46 /* Frameworks */,
				AA24026028FDC63D00F4DF46 /* Resources */,
			);
			buildRules = (
			);
			dependencies = (
				AA24026428FDC63D00F4DF46 /* PBXTargetDependency */,
			);
			name = "MUSIC APPUITests";
			productName = "MUSIC APPUITests";
			productReference = AA24026228FDC63D00F4DF46 /* MUSIC APPUITests.xctest */;
			productType = "com.apple.product-type.bundle.ui-testing";
		};
/* End PBXNativeTarget section */

/* Begin PBXProject section */
		AA24023A28FDC63B00F4DF46 /* Project object */ = {
			isa = PBXProject;
			attributes = {
				BuildIndependentTargetsInParallel = 1;
				LastSwiftUpdateCheck = 1400;
				LastUpgradeCheck = 1400;
				TargetAttributes = {
					AA24024128FDC63B00F4DF46 = {
						CreatedOnToolsVersion = 14.0.1;
					};
					AA24025728FDC63D00F4DF46 = {
						CreatedOnToolsVersion = 14.0.1;
						TestTargetID = AA24024128FDC63B00F4DF46;
					};
					AA24026128FDC63D00F4DF46 = {
						CreatedOnToolsVersion = 14.0.1;
						TestTargetID = AA24024128FDC63B00F4DF46;
					};
				};
			};
			buildConfigurationList = AA24023D28FDC63B00F4DF46 /* Build configuration list for PBXProject "MUSIC APP" */;
			compatibilityVersion = "Xcode 14.0";
			developmentRegion = en;
			hasScannedForEncodings = 0;
			knownRegions = (
				en,
				Base,
			);
			mainGroup = AA24023928FDC63B00F4DF46;
			productRefGroup = AA24024328FDC63B00F4DF46 /* Products */;
			projectDirPath = "";
			projectRoot = "";
			targets = (
				AA24024128FDC63B00F4DF46 /* MUSIC APP */,
				AA24025728FDC63D00F4DF46 /* MUSIC APPTests */,
				AA24026128FDC63D00F4DF46 /* MUSIC APPUITests */,
			);
		};
/* End PBXProject section */

/* Begin PBXResourcesBuildPhase section */
		AA24024028FDC63B00F4DF46 /* Resources */ = {
			isa = PBXResourcesBuildPhase;
			buildActionMask = 2147483647;
			files = (
				AA24025228FDC63C00F4DF46 /* LaunchScreen.storyboard in Resources */,
				AA24024F28FDC63C00F4DF46 /* Assets.xcassets in Resources */,
				AA24024D28FDC63B00F4DF46 /* Main.storyboard in Resources */,
			);
			runOnlyForDeploymentPostprocessing = 0;
		};
		AA24025628FDC63D00F4DF46 /* Resources */ = {
			isa = PBXResourcesBuildPhase;
			buildActionMask = 2147483647;
			files = (
			);
			runOnlyForDeploymentPostprocessing = 0;
		};
		AA24026028FDC63D00F4DF46 /* Resources */ = {
			isa = PBXResourcesBuildPhase;
			buildActionMask = 2147483647;
			files = (
			);
			runOnlyForDeploymentPostprocessing = 0;
		};
/* End PBXResourcesBuildPhase section */

/* Begin PBXSourcesBuildPhase section */
		AA24023E28FDC63B00F4DF46 /* Sources */ = {
			isa = PBXSourcesBuildPhase;
			buildActionMask = 2147483647;
			files = (
				AA24024A28FDC63B00F4DF46 /* ViewController.swift in Sources */,
				AA24024628FDC63B00F4DF46 /* AppDelegate.swift in Sources */,
				AA24024828FDC63B00F4DF46 /* SceneDelegate.swift in Sources */,
			);
			runOnlyForDeploymentPostprocessing = 0;
		};
		AA24025428FDC63D00F4DF46 /* Sources */ = {
			isa = PBXSourcesBuildPhase;
			buildActionMask = 2147483647;
			files = (
				AA24025D28FDC63D00F4DF46 /* MUSIC_APPTests.swift in Sources */,
			);
			runOnlyForDeploymentPostprocessing = 0;
		};
		AA24025E28FDC63D00F4DF46 /* Sources */ = {
			isa = PBXSourcesBuildPhase;
			buildActionMask = 2147483647;
			files = (
				AA24026928FDC63D00F4DF46 /* MUSIC_APPUITestsLaunchTests.swift in Sources */,
				AA24026728FDC63D00F4DF46 /* MUSIC_APPUITests.swift in Sources */,
			);
			runOnlyForDeploymentPostprocessing = 0;
		};
/* End PBXSourcesBuildPhase section */

/* Begin PBXTargetDependency section */
		AA24025A28FDC63D00F4DF46 /* PBXTargetDependency */ = {
			isa = PBXTargetDependency;
			target = AA24024128FDC63B00F4DF46 /* MUSIC APP */;
			targetProxy = AA24025928FDC63D00F4DF46 /* PBXContainerItemProxy */;
		};
		AA24026428FDC63D00F4DF46 /* PBXTargetDependency */ = {
			isa = PBXTargetDependency;
			target = AA24024128FDC63B00F4DF46 /* MUSIC APP */;
			targetProxy = AA24026328FDC63D00F4DF46 /* PBXContainerItemProxy */;
		};
/* End PBXTargetDependency section */

/* Begin PBXVariantGroup section */
		AA24024B28FDC63B00F4DF46 /* Main.storyboard */ = {
			isa = PBXVariantGroup;
			children = (
				AA24024C28FDC63B00F4DF46 /* Base */,
			);
			name = Main.storyboard;
			sourceTree = "<group>";
		};
		AA24025028FDC63C00F4DF46 /* LaunchScreen.storyboard */ = {
			isa = PBXVariantGroup;
			children = (
				AA24025128FDC63C00F4DF46 /* Base */,
			);
			name = LaunchScreen.storyboard;
			sourceTree = "<group>";
		};
/* End PBXVariantGroup section */

/* Begin XCBuildConfiguration section */
		AA24026A28FDC63D00F4DF46 /* Debug */ = {
			isa = XCBuildConfiguration;
			buildSettings = {
				ALWAYS_SEARCH_USER_PATHS = NO;
				CLANG_ANALYZER_NONNULL = YES;
				CLANG_ANALYZER_NUMBER_OBJECT_CONVERSION = YES_AGGRESSIVE;
				CLANG_CXX_LANGUAGE_STANDARD = "gnu++20";
				CLANG_ENABLE_MODULES = YES;
				CLANG_ENABLE_OBJC_ARC = YES;
				CLANG_ENABLE_OBJC_WEAK = YES;
				CLANG_WARN_BLOCK_CAPTURE_AUTORELEASING = YES;
				CLANG_WARN_BOOL_CONVERSION = YES;
				CLANG_WARN_COMMA = YES;
				CLANG_WARN_CONSTANT_CONVERSION = YES;
				CLANG_WARN_DEPRECATED_OBJC_IMPLEMENTATIONS = YES;
				CLANG_WARN_DIRECT_OBJC_ISA_USAGE = YES_ERROR;
				CLANG_WARN_DOCUMENTATION_COMMENTS = YES;
				CLANG_WARN_EMPTY_BODY = YES;
				CLANG_WARN_ENUM_CONVERSION = YES;
				CLANG_WARN_INFINITE_RECURSION = YES;
				CLANG_WARN_INT_CONVERSION = YES;
				CLANG_WARN_NON_LITERAL_NULL_CONVERSION = YES;
				CLANG_WARN_OBJC_IMPLICIT_RETAIN_SELF = YES;
				CLANG_WARN_OBJC_LITERAL_CONVERSION = YES;
				CLANG_WARN_OBJC_ROOT_CLASS = YES_ERROR;
				CLANG_WARN_QUOTED_INCLUDE_IN_FRAMEWORK_HEADER = YES;
				CLANG_WARN_RANGE_LOOP_ANALYSIS = YES;
				CLANG_WARN_STRICT_PROTOTYPES = YES;
				CLANG_WARN_SUSPICIOUS_MOVE = YES;
				CLANG_WARN_UNGUARDED_AVAILABILITY = YES_AGGRESSIVE;
				CLANG_WARN_UNREACHABLE_CODE = YES;
				CLANG_WARN__DUPLICATE_METHOD_MATCH = YES;
				COPY_PHASE_STRIP = NO;
				DEBUG_INFORMATION_FORMAT = dwarf;
				ENABLE_STRICT_OBJC_MSGSEND = YES;
				ENABLE_TESTABILITY = YES;
				GCC_C_LANGUAGE_STANDARD = gnu11;
				GCC_DYNAMIC_NO_PIC = NO;
				GCC_NO_COMMON_BLOCKS = YES;
				GCC_OPTIMIZATION_LEVEL = 0;
				GCC_PREPROCESSOR_DEFINITIONS = (
					"DEBUG=1",
					"$(inherited)",
				);
				GCC_WARN_64_TO_32_BIT_CONVERSION = YES;
				GCC_WARN_ABOUT_RETURN_TYPE = YES_ERROR;
				GCC_WARN_UNDECLARED_SELECTOR = YES;
				GCC_WARN_UNINITIALIZED_AUTOS = YES_AGGRESSIVE;
				GCC_WARN_UNUSED_FUNCTION = YES;
				GCC_WARN_UNUSED_VARIABLE = YES;
				IPHONEOS_DEPLOYMENT_TARGET = 16.0;
				MTL_ENABLE_DEBUG_INFO = INCLUDE_SOURCE;
				MTL_FAST_MATH = YES;
				ONLY_ACTIVE_ARCH = YES;
				SDKROOT = iphoneos;
				SWIFT_ACTIVE_COMPILATION_CONDITIONS = DEBUG;
				SWIFT_OPTIMIZATION_LEVEL = "-Onone";
			};
			name = Debug;
		};
		AA24026B28FDC63D00F4DF46 /* Release */ = {
			isa = XCBuildConfiguration;
			buildSettings = {
				ALWAYS_SEARCH_USER_PATHS = NO;
				CLANG_ANALYZER_NONNULL = YES;
				CLANG_ANALYZER_NUMBER_OBJECT_CONVERSION = YES_AGGRESSIVE;
				CLANG_CXX_LANGUAGE_STANDARD = "gnu++20";
				CLANG_ENABLE_MODULES = YES;
				CLANG_ENABLE_OBJC_ARC = YES;
				CLANG_ENABLE_OBJC_WEAK = YES;
				CLANG_WARN_BLOCK_CAPTURE_AUTORELEASING = YES;
				CLANG_WARN_BOOL_CONVERSION = YES;
				CLANG_WARN_COMMA = YES;
				CLANG_WARN_CONSTANT_CONVERSION = YES;
				CLANG_WARN_DEPRECATED_OBJC_IMPLEMENTATIONS = YES;
				CLANG_WARN_DIRECT_OBJC_ISA_USAGE = YES_ERROR;
				CLANG_WARN_DOCUMENTATION_COMMENTS = YES;
				CLANG_WARN_EMPTY_BODY = YES;
				CLANG_WARN_ENUM_CONVERSION = YES;
				CLANG_WARN_INFINITE_RECURSION = YES;
				CLANG_WARN_INT_CONVERSION = YES;
				CLANG_WARN_NON_LITERAL_NULL_CONVERSION = YES;
				CLANG_WARN_OBJC_IMPLICIT_RETAIN_SELF = YES;
				CLANG_WARN_OBJC_LITERAL_CONVERSION = YES;
				CLANG_WARN_OBJC_ROOT_CLASS = YES_ERROR;
				CLANG_WARN_QUOTED_INCLUDE_IN_FRAMEWORK_HEADER = YES;
				CLANG_WARN_RANGE_LOOP_ANALYSIS = YES;
				CLANG_WARN_STRICT_PROTOTYPES = YES;
				CLANG_WARN_SUSPICIOUS_MOVE = YES;
				CLANG_WARN_UNGUARDED_AVAILABILITY = YES_AGGRESSIVE;
				CLANG_WARN_UNREACHABLE_CODE = YES;
				CLANG_WARN__DUPLICATE_METHOD_MATCH = YES;
				COPY_PHASE_STRIP = NO;
				DEBUG_INFORMATION_FORMAT = "dwarf-with-dsym";
				ENABLE_NS_ASSERTIONS = NO;
				ENABLE_STRICT_OBJC_MSGSEND = YES;
				GCC_C_LANGUAGE_STANDARD = gnu11;
				GCC_NO_COMMON_BLOCKS = YES;
				GCC_WARN_64_TO_32_BIT_CONVERSION = YES;
				GCC_WARN_ABOUT_RETURN_TYPE = YES_ERROR;
				GCC_WARN_UNDECLARED_SELECTOR = YES;
				GCC_WARN_UNINITIALIZED_AUTOS = YES_AGGRESSIVE;
				GCC_WARN_UNUSED_FUNCTION = YES;
				GCC_WARN_UNUSED_VARIABLE = YES;
				IPHONEOS_DEPLOYMENT_TARGET = 16.0;
				MTL_ENABLE_DEBUG_INFO = NO;
				MTL_FAST_MATH = YES;
				SDKROOT = iphoneos;
				SWIFT_COMPILATION_MODE = wholemodule;
				SWIFT_OPTIMIZATION_LEVEL = "-O";
				VALIDATE_PRODUCT = YES;
			};
			name = Release;
		};
		AA24026D28FDC63D00F4DF46 /* Debug */ = {
			isa = XCBuildConfiguration;
			buildSettings = {
				ASSETCATALOG_COMPILER_APPICON_NAME = AppIcon;
				ASSETCATALOG_COMPILER_GLOBAL_ACCENT_COLOR_NAME = AccentColor;
				CODE_SIGN_STYLE = Automatic;
				CURRENT_PROJECT_VERSION = 1;
				GENERATE_INFOPLIST_FILE = YES;
				INFOPLIST_FILE = "MUSIC APP/Info.plist";
				INFOPLIST_KEY_UIApplicationSupportsIndirectInputEvents = YES;
				INFOPLIST_KEY_UILaunchStoryboardName = LaunchScreen;
				INFOPLIST_KEY_UIMainStoryboardFile = Main;
				INFOPLIST_KEY_UISupportedInterfaceOrientations_iPad = "UIInterfaceOrientationPortrait UIInterfaceOrientationPortraitUpsideDown UIInterfaceOrientationLandscapeLeft UIInterfaceOrientationLandscapeRight";
				INFOPLIST_KEY_UISupportedInterfaceOrientations_iPhone = "UIInterfaceOrientationPortrait UIInterfaceOrientationLandscapeLeft UIInterfaceOrientationLandscapeRight";
				LD_RUNPATH_SEARCH_PATHS = (
					"$(inherited)",
					"@executable_path/Frameworks",
				);
				MARKETING_VERSION = 1.0;
				PRODUCT_BUNDLE_IDENTIFIER = "MA.MUSIC-APP";
				PRODUCT_NAME = "$(TARGET_NAME)";
				SWIFT_EMIT_LOC_STRINGS = YES;
				SWIFT_VERSION = 5.0;
				TARGETED_DEVICE_FAMILY = "1,2";
			};
			name = Debug;
		};
		AA24026E28FDC63D00F4DF46 /* Release */ = {
			isa = XCBuildConfiguration;
			buildSettings = {
				ASSETCATALOG_COMPILER_APPICON_NAME = AppIcon;
				ASSETCATALOG_COMPILER_GLOBAL_ACCENT_COLOR_NAME = AccentColor;
				CODE_SIGN_STYLE = Automatic;
				CURRENT_PROJECT_VERSION = 1;
				GENERATE_INFOPLIST_FILE = YES;
				INFOPLIST_FILE = "MUSIC APP/Info.plist";
				INFOPLIST_KEY_UIApplicationSupportsIndirectInputEvents = YES;
				INFOPLIST_KEY_UILaunchStoryboardName = LaunchScreen;
				INFOPLIST_KEY_UIMainStoryboardFile = Main;
				INFOPLIST_KEY_UISupportedInterfaceOrientations_iPad = "UIInterfaceOrientationPortrait UIInterfaceOrientationPortraitUpsideDown UIInterfaceOrientationLandscapeLeft UIInterfaceOrientationLandscapeRight";
				INFOPLIST_KEY_UISupportedInterfaceOrientations_iPhone = "UIInterfaceOrientationPortrait UIInterfaceOrientationLandscapeLeft UIInterfaceOrientationLandscapeRight";
				LD_RUNPATH_SEARCH_PATHS = (
					"$(inherited)",
					"@executable_path/Frameworks",
				);
				MARKETING_VERSION = 1.0;
				PRODUCT_BUNDLE_IDENTIFIER = "MA.MUSIC-APP";
				PRODUCT_NAME = "$(TARGET_NAME)";
				SWIFT_EMIT_LOC_STRINGS = YES;
				SWIFT_VERSION = 5.0;
				TARGETED_DEVICE_FAMILY = "1,2";
			};
			name = Release;
		};
		AA24027028FDC63D00F4DF46 /* Debug */ = {
			isa = XCBuildConfiguration;
			buildSettings = {
				ALWAYS_EMBED_SWIFT_STANDARD_LIBRARIES = YES;
				BUNDLE_LOADER = "$(TEST_HOST)";
				CODE_SIGN_STYLE = Automatic;
				CURRENT_PROJECT_VERSION = 1;
				GENERATE_INFOPLIST_FILE = YES;
				IPHONEOS_DEPLOYMENT_TARGET = 16.0;
				MARKETING_VERSION = 1.0;
				PRODUCT_BUNDLE_IDENTIFIER = "MA.MUSIC-APPTests";
				PRODUCT_NAME = "$(TARGET_NAME)";
				SWIFT_EMIT_LOC_STRINGS = NO;
				SWIFT_VERSION = 5.0;
				TARGETED_DEVICE_FAMILY = "1,2";
				TEST_HOST = "$(BUILT_PRODUCTS_DIR)/MUSIC APP.app/$(BUNDLE_EXECUTABLE_FOLDER_PATH)/MUSIC APP";
			};
			name = Debug;
		};
		AA24027128FDC63D00F4DF46 /* Release */ = {
			isa = XCBuildConfiguration;
			buildSettings = {
				ALWAYS_EMBED_SWIFT_STANDARD_LIBRARIES = YES;
				BUNDLE_LOADER = "$(TEST_HOST)";
				CODE_SIGN_STYLE = Automatic;
				CURRENT_PROJECT_VERSION = 1;
				GENERATE_INFOPLIST_FILE = YES;
				IPHONEOS_DEPLOYMENT_TARGET = 16.0;
				MARKETING_VERSION = 1.0;
				PRODUCT_BUNDLE_IDENTIFIER = "MA.MUSIC-APPTests";
				PRODUCT_NAME = "$(TARGET_NAME)";
				SWIFT_EMIT_LOC_STRINGS = NO;
				SWIFT_VERSION = 5.0;
				TARGETED_DEVICE_FAMILY = "1,2";
				TEST_HOST = "$(BUILT_PRODUCTS_DIR)/MUSIC APP.app/$(BUNDLE_EXECUTABLE_FOLDER_PATH)/MUSIC APP";
			};
			name = Release;
		};
		AA24027328FDC63D00F4DF46 /* Debug */ = {
			isa = XCBuildConfiguration;
			buildSettings = {
				ALWAYS_EMBED_SWIFT_STANDARD_LIBRARIES = YES;
				CODE_SIGN_STYLE = Automatic;
				CURRENT_PROJECT_VERSION = 1;
				GENERATE_INFOPLIST_FILE = YES;
				MARKETING_VERSION = 1.0;
				PRODUCT_BUNDLE_IDENTIFIER = "MA.MUSIC-APPUITests";
				PRODUCT_NAME = "$(TARGET_NAME)";
				SWIFT_EMIT_LOC_STRINGS = NO;
				SWIFT_VERSION = 5.0;
				TARGETED_DEVICE_FAMILY = "1,2";
				TEST_TARGET_NAME = "MUSIC APP";
			};
			name = Debug;
		};
		AA24027428FDC63D00F4DF46 /* Release */ = {
			isa = XCBuildConfiguration;
			buildSettings = {
				ALWAYS_EMBED_SWIFT_STANDARD_LIBRARIES = YES;
				CODE_SIGN_STYLE = Automatic;
				CURRENT_PROJECT_VERSION = 1;
				GENERATE_INFOPLIST_FILE = YES;
				MARKETING_VERSION = 1.0;
				PRODUCT_BUNDLE_IDENTIFIER = "MA.MUSIC-APPUITests";
				PRODUCT_NAME = "$(TARGET_NAME)";
				SWIFT_EMIT_LOC_STRINGS = NO;
				SWIFT_VERSION = 5.0;
				TARGETED_DEVICE_FAMILY = "1,2";
				TEST_TARGET_NAME = "MUSIC APP";
			};
			name = Release;
		};
/* End XCBuildConfiguration section */

/* Begin XCConfigurationList section */
		AA24023D28FDC63B00F4DF46 /* Build configuration list for PBXProject "MUSIC APP" */ = {
			isa = XCConfigurationList;
			buildConfigurations = (
				AA24026A28FDC63D00F4DF46 /* Debug */,
				AA24026B28FDC63D00F4DF46 /* Release */,
			);
			defaultConfigurationIsVisible = 0;
			defaultConfigurationName = Release;
		};
		AA24026C28FDC63D00F4DF46 /* Build configuration list for PBXNativeTarget "MUSIC APP" */ = {
			isa = XCConfigurationList;
			buildConfigurations = (
				AA24026D28FDC63D00F4DF46 /* Debug */,
				AA24026E28FDC63D00F4DF46 /* Release */,
			);
			defaultConfigurationIsVisible = 0;
			defaultConfigurationName = Release;
		};
		AA24026F28FDC63D00F4DF46 /* Build configuration list for PBXNativeTarget "MUSIC APPTests" */ = {
			isa = XCConfigurationList;
			buildConfigurations = (
				AA24027028FDC63D00F4DF46 /* Debug */,
				AA24027128FDC63D00F4DF46 /* Release */,
			);
			defaultConfigurationIsVisible = 0;
			defaultConfigurationName = Release;
		};
		AA24027228FDC63D00F4DF46 /* Build configuration list for PBXNativeTarget "MUSIC APPUITests" */ = {
			isa = XCConfigurationList;
			buildConfigurations = (
				AA24027328FDC63D00F4DF46 /* Debug */,
				AA24027428FDC63D00F4DF46 /* Release */,
			);
			defaultConfigurationIsVisible = 0;
			defaultConfigurationName = Release;
		};
/* End XCConfigurationList section */
	};
	rootObject = AA24023A28FDC63B00F4DF46 /* Project object */;
}
